// !$*UTF8*$!
{
	archiveVersion = 1;
	classes = {
	};
	objectVersion = 46;
	objects = {

/* Begin PBXBuildFile section */
		AB20C8611CD530DB00695B74 /* AppDelegate.swift in Sources */ = {isa = PBXBuildFile; fileRef = AB20C8601CD530DB00695B74 /* AppDelegate.swift */; };
		AB20C8631CD530DB00695B74 /* ViewController.swift in Sources */ = {isa = PBXBuildFile; fileRef = AB20C8621CD530DB00695B74 /* ViewController.swift */; };
		AB20C8661CD530DB00695B74 /* Main.storyboard in Resources */ = {isa = PBXBuildFile; fileRef = AB20C8641CD530DB00695B74 /* Main.storyboard */; };
		AB20C8681CD530DB00695B74 /* Assets.xcassets in Resources */ = {isa = PBXBuildFile; fileRef = AB20C8671CD530DB00695B74 /* Assets.xcassets */; };
		AB20C86B1CD530DB00695B74 /* LaunchScreen.storyboard in Resources */ = {isa = PBXBuildFile; fileRef = AB20C8691CD530DB00695B74 /* LaunchScreen.storyboard */; };
		AB20C8761CD530DB00695B74 /* PeekTwitterFeedTests.swift in Sources */ = {isa = PBXBuildFile; fileRef = AB20C8751CD530DB00695B74 /* PeekTwitterFeedTests.swift */; };
		AB9AAB2A1CD585D400F07C3F /* CoreData.framework in Frameworks */ = {isa = PBXBuildFile; fileRef = AB9AAB291CD585D400F07C3F /* CoreData.framework */; };
		F75987C05CE867DCFB82D618 /* libPods-PeekTwitterFeed.a in Frameworks */ = {isa = PBXBuildFile; fileRef = 2487CF414053A3DAF80DA030 /* libPods-PeekTwitterFeed.a */; };
/* End PBXBuildFile section */

/* Begin PBXContainerItemProxy section */
		AB20C8721CD530DB00695B74 /* PBXContainerItemProxy */ = {
			isa = PBXContainerItemProxy;
			containerPortal = AB20C8551CD530DA00695B74 /* Project object */;
			proxyType = 1;
			remoteGlobalIDString = AB20C85C1CD530DA00695B74;
			remoteInfo = PeekTwitterFeed;
		};
/* End PBXContainerItemProxy section */

/* Begin PBXFileReference section */
		2487CF414053A3DAF80DA030 /* libPods-PeekTwitterFeed.a */ = {isa = PBXFileReference; explicitFileType = archive.ar; includeInIndex = 0; path = "libPods-PeekTwitterFeed.a"; sourceTree = BUILT_PRODUCTS_DIR; };
		A7A4151F90BA1C91A2F25588 /* Pods-PeekTwitterFeed.release.xcconfig */ = {isa = PBXFileReference; includeInIndex = 1; lastKnownFileType = text.xcconfig; name = "Pods-PeekTwitterFeed.release.xcconfig"; path = "Pods/Target Support Files/Pods-PeekTwitterFeed/Pods-PeekTwitterFeed.release.xcconfig"; sourceTree = "<group>"; };
		AB20C85D1CD530DB00695B74 /* PeekTwitterFeed.app */ = {isa = PBXFileReference; explicitFileType = wrapper.application; includeInIndex = 0; path = PeekTwitterFeed.app; sourceTree = BUILT_PRODUCTS_DIR; };
		AB20C8601CD530DB00695B74 /* AppDelegate.swift */ = {isa = PBXFileReference; lastKnownFileType = sourcecode.swift; path = AppDelegate.swift; sourceTree = "<group>"; };
		AB20C8621CD530DB00695B74 /* ViewController.swift */ = {isa = PBXFileReference; lastKnownFileType = sourcecode.swift; path = ViewController.swift; sourceTree = "<group>"; };
		AB20C8651CD530DB00695B74 /* Base */ = {isa = PBXFileReference; lastKnownFileType = file.storyboard; name = Base; path = Base.lproj/Main.storyboard; sourceTree = "<group>"; };
		AB20C8671CD530DB00695B74 /* Assets.xcassets */ = {isa = PBXFileReference; lastKnownFileType = folder.assetcatalog; path = Assets.xcassets; sourceTree = "<group>"; };
		AB20C86A1CD530DB00695B74 /* Base */ = {isa = PBXFileReference; lastKnownFileType = file.storyboard; name = Base; path = Base.lproj/LaunchScreen.storyboard; sourceTree = "<group>"; };
		AB20C86C1CD530DB00695B74 /* Info.plist */ = {isa = PBXFileReference; lastKnownFileType = text.plist.xml; path = Info.plist; sourceTree = "<group>"; };
		AB20C8711CD530DB00695B74 /* PeekTwitterFeedTests.xctest */ = {isa = PBXFileReference; explicitFileType = wrapper.cfbundle; includeInIndex = 0; path = PeekTwitterFeedTests.xctest; sourceTree = BUILT_PRODUCTS_DIR; };
		AB20C8751CD530DB00695B74 /* PeekTwitterFeedTests.swift */ = {isa = PBXFileReference; lastKnownFileType = sourcecode.swift; path = PeekTwitterFeedTests.swift; sourceTree = "<group>"; };
		AB20C8771CD530DB00695B74 /* Info.plist */ = {isa = PBXFileReference; lastKnownFileType = text.plist.xml; path = Info.plist; sourceTree = "<group>"; };
		AB9AAB291CD585D400F07C3F /* CoreData.framework */ = {isa = PBXFileReference; lastKnownFileType = wrapper.framework; name = CoreData.framework; path = System/Library/Frameworks/CoreData.framework; sourceTree = SDKROOT; };
		F5F7A30C9DE9FF2781385138 /* Pods-PeekTwitterFeed.debug.xcconfig */ = {isa = PBXFileReference; includeInIndex = 1; lastKnownFileType = text.xcconfig; name = "Pods-PeekTwitterFeed.debug.xcconfig"; path = "Pods/Target Support Files/Pods-PeekTwitterFeed/Pods-PeekTwitterFeed.debug.xcconfig"; sourceTree = "<group>"; };
/* End PBXFileReference section */

/* Begin PBXFrameworksBuildPhase section */
		AB20C85A1CD530DA00695B74 /* Frameworks */ = {
			isa = PBXFrameworksBuildPhase;
			buildActionMask = 2147483647;
			files = (
				AB9AAB2A1CD585D400F07C3F /* CoreData.framework in Frameworks */,
				F75987C05CE867DCFB82D618 /* libPods-PeekTwitterFeed.a in Frameworks */,
			);
			runOnlyForDeploymentPostprocessing = 0;
		};
		AB20C86E1CD530DB00695B74 /* Frameworks */ = {
			isa = PBXFrameworksBuildPhase;
			buildActionMask = 2147483647;
			files = (
			);
			runOnlyForDeploymentPostprocessing = 0;
		};
/* End PBXFrameworksBuildPhase section */

/* Begin PBXGroup section */
		5862E4ACAE13920B8B776FF7 /* Frameworks */ = {
			isa = PBXGroup;
			children = (
				AB9AAB291CD585D400F07C3F /* CoreData.framework */,
				2487CF414053A3DAF80DA030 /* libPods-PeekTwitterFeed.a */,
			);
			name = Frameworks;
			sourceTree = "<group>";
		};
		5FC59F41B9D7FBB388DA065E /* Pods */ = {
			isa = PBXGroup;
			children = (
				F5F7A30C9DE9FF2781385138 /* Pods-PeekTwitterFeed.debug.xcconfig */,
				A7A4151F90BA1C91A2F25588 /* Pods-PeekTwitterFeed.release.xcconfig */,
			);
			name = Pods;
			sourceTree = "<group>";
		};
		AB20C8541CD530DA00695B74 = {
			isa = PBXGroup;
			children = (
				AB20C85F1CD530DB00695B74 /* PeekTwitterFeed */,
				AB20C8741CD530DB00695B74 /* PeekTwitterFeedTests */,
				AB20C85E1CD530DB00695B74 /* Products */,
				5FC59F41B9D7FBB388DA065E /* Pods */,
				5862E4ACAE13920B8B776FF7 /* Frameworks */,
			);
			sourceTree = "<group>";
		};
		AB20C85E1CD530DB00695B74 /* Products */ = {
			isa = PBXGroup;
			children = (
				AB20C85D1CD530DB00695B74 /* PeekTwitterFeed.app */,
				AB20C8711CD530DB00695B74 /* PeekTwitterFeedTests.xctest */,
			);
			name = Products;
			sourceTree = "<group>";
		};
		AB20C85F1CD530DB00695B74 /* PeekTwitterFeed */ = {
			isa = PBXGroup;
			children = (
				AB20C8601CD530DB00695B74 /* AppDelegate.swift */,
				AB20C8621CD530DB00695B74 /* ViewController.swift */,
				AB20C8641CD530DB00695B74 /* Main.storyboard */,
				AB20C8671CD530DB00695B74 /* Assets.xcassets */,
				AB20C8691CD530DB00695B74 /* LaunchScreen.storyboard */,
				AB20C86C1CD530DB00695B74 /* Info.plist */,
			);
			path = PeekTwitterFeed;
			sourceTree = "<group>";
		};
		AB20C8741CD530DB00695B74 /* PeekTwitterFeedTests */ = {
			isa = PBXGroup;
			children = (
				AB20C8751CD530DB00695B74 /* PeekTwitterFeedTests.swift */,
				AB20C8771CD530DB00695B74 /* Info.plist */,
			);
			path = PeekTwitterFeedTests;
			sourceTree = "<group>";
		};
/* End PBXGroup section */

/* Begin PBXNativeTarget section */
		AB20C85C1CD530DA00695B74 /* PeekTwitterFeed */ = {
			isa = PBXNativeTarget;
			buildConfigurationList = AB20C87A1CD530DB00695B74 /* Build configuration list for PBXNativeTarget "PeekTwitterFeed" */;
			buildPhases = (
				54443BC6F0902BE56CADF64C /* Check Pods Manifest.lock */,
				AB20C8591CD530DA00695B74 /* Sources */,
				AB20C85A1CD530DA00695B74 /* Frameworks */,
				AB20C85B1CD530DA00695B74 /* Resources */,
				49C055C9CF222E2E74385B37 /* Embed Pods Frameworks */,
				A50C22EB7552B5381C3FD609 /* Copy Pods Resources */,
				AB9AAB271CD53EC700F07C3F /* ShellScript */,
			);
			buildRules = (
			);
			dependencies = (
			);
			name = PeekTwitterFeed;
			productName = PeekTwitterFeed;
			productReference = AB20C85D1CD530DB00695B74 /* PeekTwitterFeed.app */;
			productType = "com.apple.product-type.application";
		};
		AB20C8701CD530DB00695B74 /* PeekTwitterFeedTests */ = {
			isa = PBXNativeTarget;
			buildConfigurationList = AB20C87D1CD530DB00695B74 /* Build configuration list for PBXNativeTarget "PeekTwitterFeedTests" */;
			buildPhases = (
				AB20C86D1CD530DB00695B74 /* Sources */,
				AB20C86E1CD530DB00695B74 /* Frameworks */,
				AB20C86F1CD530DB00695B74 /* Resources */,
			);
			buildRules = (
			);
			dependencies = (
				AB20C8731CD530DB00695B74 /* PBXTargetDependency */,
			);
			name = PeekTwitterFeedTests;
			productName = PeekTwitterFeedTests;
			productReference = AB20C8711CD530DB00695B74 /* PeekTwitterFeedTests.xctest */;
			productType = "com.apple.product-type.bundle.unit-test";
		};
/* End PBXNativeTarget section */

/* Begin PBXProject section */
		AB20C8551CD530DA00695B74 /* Project object */ = {
			isa = PBXProject;
			attributes = {
				LastSwiftUpdateCheck = 0730;
				LastUpgradeCheck = 0730;
				ORGANIZATIONNAME = "Michael Milholen";
				TargetAttributes = {
					AB20C85C1CD530DA00695B74 = {
						CreatedOnToolsVersion = 7.3;
					};
					AB20C8701CD530DB00695B74 = {
						CreatedOnToolsVersion = 7.3;
						TestTargetID = AB20C85C1CD530DA00695B74;
					};
				};
			};
			buildConfigurationList = AB20C8581CD530DA00695B74 /* Build configuration list for PBXProject "PeekTwitterFeed" */;
			compatibilityVersion = "Xcode 3.2";
			developmentRegion = English;
			hasScannedForEncodings = 0;
			knownRegions = (
				en,
				Base,
			);
			mainGroup = AB20C8541CD530DA00695B74;
			productRefGroup = AB20C85E1CD530DB00695B74 /* Products */;
			projectDirPath = "";
			projectRoot = "";
			targets = (
				AB20C85C1CD530DA00695B74 /* PeekTwitterFeed */,
				AB20C8701CD530DB00695B74 /* PeekTwitterFeedTests */,
			);
		};
/* End PBXProject section */

/* Begin PBXResourcesBuildPhase section */
		AB20C85B1CD530DA00695B74 /* Resources */ = {
			isa = PBXResourcesBuildPhase;
			buildActionMask = 2147483647;
			files = (
				AB20C86B1CD530DB00695B74 /* LaunchScreen.storyboard in Resources */,
				AB20C8681CD530DB00695B74 /* Assets.xcassets in Resources */,
				AB20C8661CD530DB00695B74 /* Main.storyboard in Resources */,
			);
			runOnlyForDeploymentPostprocessing = 0;
		};
		AB20C86F1CD530DB00695B74 /* Resources */ = {
			isa = PBXResourcesBuildPhase;
			buildActionMask = 2147483647;
			files = (
			);
			runOnlyForDeploymentPostprocessing = 0;
		};
/* End PBXResourcesBuildPhase section */

/* Begin PBXShellScriptBuildPhase section */
		49C055C9CF222E2E74385B37 /* Embed Pods Frameworks */ = {
			isa = PBXShellScriptBuildPhase;
			buildActionMask = 2147483647;
			files = (
			);
			inputPaths = (
			);
			name = "Embed Pods Frameworks";
			outputPaths = (
			);
			runOnlyForDeploymentPostprocessing = 0;
			shellPath = /bin/sh;
			shellScript = "\"${SRCROOT}/Pods/Target Support Files/Pods-PeekTwitterFeed/Pods-PeekTwitterFeed-frameworks.sh\"\n";
			showEnvVarsInLog = 0;
		};
		54443BC6F0902BE56CADF64C /* Check Pods Manifest.lock */ = {
			isa = PBXShellScriptBuildPhase;
			buildActionMask = 2147483647;
			files = (
			);
			inputPaths = (
			);
			name = "Check Pods Manifest.lock";
			outputPaths = (
			);
			runOnlyForDeploymentPostprocessing = 0;
			shellPath = /bin/sh;
			shellScript = "diff \"${PODS_ROOT}/../Podfile.lock\" \"${PODS_ROOT}/Manifest.lock\" > /dev/null\nif [[ $? != 0 ]] ; then\n    cat << EOM\nerror: The sandbox is not in sync with the Podfile.lock. Run 'pod install' or update your CocoaPods installation.\nEOM\n    exit 1\nfi\n";
			showEnvVarsInLog = 0;
		};
		A50C22EB7552B5381C3FD609 /* Copy Pods Resources */ = {
			isa = PBXShellScriptBuildPhase;
			buildActionMask = 2147483647;
			files = (
			);
			inputPaths = (
			);
			name = "Copy Pods Resources";
			outputPaths = (
			);
			runOnlyForDeploymentPostprocessing = 0;
			shellPath = /bin/sh;
			shellScript = "\"${SRCROOT}/Pods/Target Support Files/Pods-PeekTwitterFeed/Pods-PeekTwitterFeed-resources.sh\"\n";
			showEnvVarsInLog = 0;
		};
		AB9AAB271CD53EC700F07C3F /* ShellScript */ = {
			isa = PBXShellScriptBuildPhase;
			buildActionMask = 2147483647;
			files = (
			);
			inputPaths = (
			);
			outputPaths = (
			);
			runOnlyForDeploymentPostprocessing = 0;
			shellPath = /bin/sh;
			shellScript = "\"${PODS_ROOT}/Fabric/run\" 70522266a98815717089ea432a5afe1d64727179 420de092fb47e4ef061b42c3dac64d3e9943fa547487d3ee3962ebb8e9323f29";
		};
/* End PBXShellScriptBuildPhase section */

/* Begin PBXSourcesBuildPhase section */
		AB20C8591CD530DA00695B74 /* Sources */ = {
			isa = PBXSourcesBuildPhase;
			buildActionMask = 2147483647;
			files = (
				AB20C8631CD530DB00695B74 /* ViewController.swift in Sources */,
				AB20C8611CD530DB00695B74 /* AppDelegate.swift in Sources */,
			);
			runOnlyForDeploymentPostprocessing = 0;
		};
		AB20C86D1CD530DB00695B74 /* Sources */ = {
			isa = PBXSourcesBuildPhase;
			buildActionMask = 2147483647;
			files = (
				AB20C8761CD530DB00695B74 /* PeekTwitterFeedTests.swift in Sources */,
			);
			runOnlyForDeploymentPostprocessing = 0;
		};
/* End PBXSourcesBuildPhase section */

/* Begin PBXTargetDependency section */
		AB20C8731CD530DB00695B74 /* PBXTargetDependency */ = {
			isa = PBXTargetDependency;
			target = AB20C85C1CD530DA00695B74 /* PeekTwitterFeed */;
			targetProxy = AB20C8721CD530DB00695B74 /* PBXContainerItemProxy */;
		};
/* End PBXTargetDependency section */

/* Begin PBXVariantGroup section */
		AB20C8641CD530DB00695B74 /* Main.storyboard */ = {
			isa = PBXVariantGroup;
			children = (
				AB20C8651CD530DB00695B74 /* Base */,
			);
			name = Main.storyboard;
			sourceTree = "<group>";
		};
		AB20C8691CD530DB00695B74 /* LaunchScreen.storyboard */ = {
			isa = PBXVariantGroup;
			children = (
				AB20C86A1CD530DB00695B74 /* Base */,
			);
			name = LaunchScreen.storyboard;
			sourceTree = "<group>";
		};
/* End PBXVariantGroup section */

/* Begin XCBuildConfiguration section */
		AB20C8781CD530DB00695B74 /* Debug */ = {
			isa = XCBuildConfiguration;
			buildSettings = {
				ALWAYS_SEARCH_USER_PATHS = NO;
				CLANG_ANALYZER_NONNULL = YES;
				CLANG_CXX_LANGUAGE_STANDARD = "gnu++0x";
				CLANG_CXX_LIBRARY = "libc++";
				CLANG_ENABLE_MODULES = YES;
				CLANG_ENABLE_OBJC_ARC = YES;
				CLANG_WARN_BOOL_CONVERSION = YES;
				CLANG_WARN_CONSTANT_CONVERSION = YES;
				CLANG_WARN_DIRECT_OBJC_ISA_USAGE = YES_ERROR;
				CLANG_WARN_EMPTY_BODY = YES;
				CLANG_WARN_ENUM_CONVERSION = YES;
				CLANG_WARN_INT_CONVERSION = YES;
				CLANG_WARN_OBJC_ROOT_CLASS = YES_ERROR;
				CLANG_WARN_UNREACHABLE_CODE = YES;
				CLANG_WARN__DUPLICATE_METHOD_MATCH = YES;
				"CODE_SIGN_IDENTITY[sdk=iphoneos*]" = "iPhone Developer";
				COPY_PHASE_STRIP = NO;
				DEBUG_INFORMATION_FORMAT = dwarf;
				ENABLE_STRICT_OBJC_MSGSEND = YES;
				ENABLE_TESTABILITY = YES;
				GCC_C_LANGUAGE_STANDARD = gnu99;
				GCC_DYNAMIC_NO_PIC = NO;
				GCC_NO_COMMON_BLOCKS = YES;
				GCC_OPTIMIZATION_LEVEL = 0;
				GCC_PREPROCESSOR_DEFINITIONS = (
					"DEBUG=1",
					"$(inherited)",
				);
				GCC_WARN_64_TO_32_BIT_CONVERSION = YES;
				GCC_WARN_ABOUT_RETURN_TYPE = YES_ERROR;
				GCC_WARN_UNDECLARED_SELECTOR = YES;
				GCC_WARN_UNINITIALIZED_AUTOS = YES_AGGRESSIVE;
				GCC_WARN_UNUSED_FUNCTION = YES;
				GCC_WARN_UNUSED_VARIABLE = YES;
				IPHONEOS_DEPLOYMENT_TARGET = 9.3;
				MTL_ENABLE_DEBUG_INFO = YES;
				ONLY_ACTIVE_ARCH = YES;
				SDKROOT = iphoneos;
				SWIFT_OPTIMIZATION_LEVEL = "-Onone";
				TARGETED_DEVICE_FAMILY = "1,2";
			};
			name = Debug;
		};
		AB20C8791CD530DB00695B74 /* Release */ = {
			isa = XCBuildConfiguration;
			buildSettings = {
				ALWAYS_SEARCH_USER_PATHS = NO;
				CLANG_ANALYZER_NONNULL = YES;
				CLANG_CXX_LANGUAGE_STANDARD = "gnu++0x";
				CLANG_CXX_LIBRARY = "libc++";
				CLANG_ENABLE_MODULES = YES;
				CLANG_ENABLE_OBJC_ARC = YES;
				CLANG_WARN_BOOL_CONVERSION = YES;
				CLANG_WARN_CONSTANT_CONVERSION = YES;
				CLANG_WARN_DIRECT_OBJC_ISA_USAGE = YES_ERROR;
				CLANG_WARN_EMPTY_BODY = YES;
				CLANG_WARN_ENUM_CONVERSION = YES;
				CLANG_WARN_INT_CONVERSION = YES;
				CLANG_WARN_OBJC_ROOT_CLASS = YES_ERROR;
				CLANG_WARN_UNREACHABLE_CODE = YES;
				CLANG_WARN__DUPLICATE_METHOD_MATCH = YES;
				"CODE_SIGN_IDENTITY[sdk=iphoneos*]" = "iPhone Developer";
				COPY_PHASE_STRIP = NO;
				DEBUG_INFORMATION_FORMAT = "dwarf-with-dsym";
				ENABLE_NS_ASSERTIONS = NO;
				ENABLE_STRICT_OBJC_MSGSEND = YES;
				GCC_C_LANGUAGE_STANDARD = gnu99;
				GCC_NO_COMMON_BLOCKS = YES;
				GCC_WARN_64_TO_32_BIT_CONVERSION = YES;
				GCC_WARN_ABOUT_RETURN_TYPE = YES_ERROR;
				GCC_WARN_UNDECLARED_SELECTOR = YES;
				GCC_WARN_UNINITIALIZED_AUTOS = YES_AGGRESSIVE;
				GCC_WARN_UNUSED_FUNCTION = YES;
				GCC_WARN_UNUSED_VARIABLE = YES;
				IPHONEOS_DEPLOYMENT_TARGET = 9.3;
				MTL_ENABLE_DEBUG_INFO = NO;
				SDKROOT = iphoneos;
				TARGETED_DEVICE_FAMILY = "1,2";
				VALIDATE_PRODUCT = YES;
			};
			name = Release;
		};
		AB20C87B1CD530DB00695B74 /* Debug */ = {
			isa = XCBuildConfiguration;
			baseConfigurationReference = F5F7A30C9DE9FF2781385138 /* Pods-PeekTwitterFeed.debug.xcconfig */;
			buildSettings = {
				ASSETCATALOG_COMPILER_APPICON_NAME = AppIcon;
				DEBUG_INFORMATION_FORMAT = "dwarf-with-dsym";
				INFOPLIST_FILE = PeekTwitterFeed/Info.plist;
				IPHONEOS_DEPLOYMENT_TARGET = 8.0;
				LD_RUNPATH_SEARCH_PATHS = "$(inherited) @executable_path/Frameworks";
				PRODUCT_BUNDLE_IDENTIFIER = com.mmilholen.PeekTwitterFeed;
				PRODUCT_NAME = "$(TARGET_NAME)";
				SWIFT_OBJC_BRIDGING_HEADER = "";
			};
			name = Debug;
		};
		AB20C87C1CD530DB00695B74 /* Release */ = {
			isa = XCBuildConfiguration;
			baseConfigurationReference = A7A4151F90BA1C91A2F25588 /* Pods-PeekTwitterFeed.release.xcconfig */;
			buildSettings = {
				ASSETCATALOG_COMPILER_APPICON_NAME = AppIcon;
				DEBUG_INFORMATION_FORMAT = "dwarf-with-dsym";
				INFOPLIST_FILE = PeekTwitterFeed/Info.plist;
				IPHONEOS_DEPLOYMENT_TARGET = 8.0;
				LD_RUNPATH_SEARCH_PATHS = "$(inherited) @executable_path/Frameworks";
				PRODUCT_BUNDLE_IDENTIFIER = com.mmilholen.PeekTwitterFeed;
				PRODUCT_NAME = "$(TARGET_NAME)";
				SWIFT_OBJC_BRIDGING_HEADER = "";
			};
			name = Release;
		};
		AB20C87E1CD530DB00695B74 /* Debug */ = {
			isa = XCBuildConfiguration;
			buildSettings = {
				BUNDLE_LOADER = "$(TEST_HOST)";
				INFOPLIST_FILE = PeekTwitterFeedTests/Info.plist;
				LD_RUNPATH_SEARCH_PATHS = "$(inherited) @executable_path/Frameworks @loader_path/Frameworks";
				PRODUCT_BUNDLE_IDENTIFIER = com.mmilholen.PeekTwitterFeedTests;
				PRODUCT_NAME = "$(TARGET_NAME)";
				TEST_HOST = "$(BUILT_PRODUCTS_DIR)/PeekTwitterFeed.app/PeekTwitterFeed";
			};
			name = Debug;
		};
		AB20C87F1CD530DB00695B74 /* Release */ = {
			isa = XCBuildConfiguration;
			buildSettings = {
				BUNDLE_LOADER = "$(TEST_HOST)";
				INFOPLIST_FILE = PeekTwitterFeedTests/Info.plist;
				LD_RUNPATH_SEARCH_PATHS = "$(inherited) @executable_path/Frameworks @loader_path/Frameworks";
				PRODUCT_BUNDLE_IDENTIFIER = com.mmilholen.PeekTwitterFeedTests;
				PRODUCT_NAME = "$(TARGET_NAME)";
				TEST_HOST = "$(BUILT_PRODUCTS_DIR)/PeekTwitterFeed.app/PeekTwitterFeed";
			};
			name = Release;
		};
/* End XCBuildConfiguration section */

/* Begin XCConfigurationList section */
		AB20C8581CD530DA00695B74 /* Build configuration list for PBXProject "PeekTwitterFeed" */ = {
			isa = XCConfigurationList;
			buildConfigurations = (
				AB20C8781CD530DB00695B74 /* Debug */,
				AB20C8791CD530DB00695B74 /* Release */,
			);
			defaultConfigurationIsVisible = 0;
			defaultConfigurationName = Release;
		};
		AB20C87A1CD530DB00695B74 /* Build configuration list for PBXNativeTarget "PeekTwitterFeed" */ = {
			isa = XCConfigurationList;
			buildConfigurations = (
				AB20C87B1CD530DB00695B74 /* Debug */,
				AB20C87C1CD530DB00695B74 /* Release */,
			);
			defaultConfigurationIsVisible = 0;
			defaultConfigurationName = Release;
		};
		AB20C87D1CD530DB00695B74 /* Build configuration list for PBXNativeTarget "PeekTwitterFeedTests" */ = {
			isa = XCConfigurationList;
			buildConfigurations = (
				AB20C87E1CD530DB00695B74 /* Debug */,
				AB20C87F1CD530DB00695B74 /* Release */,
			);
			defaultConfigurationIsVisible = 0;
			defaultConfigurationName = Release;
		};
/* End XCConfigurationList section */
	};
	rootObject = AB20C8551CD530DA00695B74 /* Project object */;
}
